
Microsoft Visual Studio Solution File, Format Version 12.00
# Visual Studio Version 16
VisualStudioVersion = 16.0.29123.88
MinimumVisualStudioVersion = 10.0.40219.1
Project("{FAE04EC0-301F-11D3-BF4B-00C04F79EFBC}") = "Account", "Account\Account.csproj", "{A78CD5DF-1FF9-4A14-A78F-7AED668C98A4}"
EndProject
Project("{FAE04EC0-301F-11D3-BF4B-00C04F79EFBC}") = "Exercise1", "Exercise1\Exercise1.csproj", "{8F1DFAFA-8397-4D57-A61B-EDAC364AF8EF}"
EndProject
Project("{FAE04EC0-301F-11D3-BF4B-00C04F79EFBC}") = "Exercise5", "Exercise5\Exercise5.csproj", "{EF81FD57-588E-4602-A1B5-BA0F388FFA70}"
EndProject
Project("{FAE04EC0-301F-11D3-BF4B-00C04F79EFBC}") = "Account.Test", "Account.Test\Account.Test.csproj", "{B6E782A8-731E-4A46-BCC9-EAE188D0CC6F}"
EndProject
Project("{FAE04EC0-301F-11D3-BF4B-00C04F79EFBC}") = "Exercise1.Test", "Exercise1.Test\Exercise1.Test.csproj", "{F9BD6F03-6128-4772-A64D-52A072E0C0EA}"
EndProject
Project("{FAE04EC0-301F-11D3-BF4B-00C04F79EFBC}") = "Exercise5.Test", "Exercise5.Test\Exercise5.Test.csproj", "{52039A81-AA1E-4B2F-9467-258E162FA8B0}"
EndProject
Global
	GlobalSection(SolutionConfigurationPlatforms) = preSolution
		Debug|Any CPU = Debug|Any CPU
		Release|Any CPU = Release|Any CPU
	EndGlobalSection
	GlobalSection(ProjectConfigurationPlatforms) = postSolution
		{A78CD5DF-1FF9-4A14-A78F-7AED668C98A4}.Debug|Any CPU.ActiveCfg = Debug|Any CPU
		{A78CD5DF-1FF9-4A14-A78F-7AED668C98A4}.Debug|Any CPU.Build.0 = Debug|Any CPU
		{A78CD5DF-1FF9-4A14-A78F-7AED668C98A4}.Release|Any CPU.ActiveCfg = Release|Any CPU
		{A78CD5DF-1FF9-4A14-A78F-7AED668C98A4}.Release|Any CPU.Build.0 = Release|Any CPU
		{8F1DFAFA-8397-4D57-A61B-EDAC364AF8EF}.Debug|Any CPU.ActiveCfg = Debug|Any CPU
		{8F1DFAFA-8397-4D57-A61B-EDAC364AF8EF}.Debug|Any CPU.Build.0 = Debug|Any CPU
		{8F1DFAFA-8397-4D57-A61B-EDAC364AF8EF}.Release|Any CPU.ActiveCfg = Release|Any CPU
		{8F1DFAFA-8397-4D57-A61B-EDAC364AF8EF}.Release|Any CPU.Build.0 = Release|Any CPU
		{EF81FD57-588E-4602-A1B5-BA0F388FFA70}.Debug|Any CPU.ActiveCfg = Debug|Any CPU
		{EF81FD57-588E-4602-A1B5-BA0F388FFA70}.Debug|Any CPU.Build.0 = Debug|Any CPU
		{EF81FD57-588E-4602-A1B5-BA0F388FFA70}.Release|Any CPU.ActiveCfg = Release|Any CPU
		{EF81FD57-588E-4602-A1B5-BA0F388FFA70}.Release|Any CPU.Build.0 = Release|Any CPU
		{B6E782A8-731E-4A46-BCC9-EAE188D0CC6F}.Debug|Any CPU.ActiveCfg = Debug|Any CPU
		{B6E782A8-731E-4A46-BCC9-EAE188D0CC6F}.Debug|Any CPU.Build.0 = Debug|Any CPU
		{B6E782A8-731E-4A46-BCC9-EAE188D0CC6F}.Release|Any CPU.ActiveCfg = Release|Any CPU
		{B6E782A8-731E-4A46-BCC9-EAE188D0CC6F}.Release|Any CPU.Build.0 = Release|Any CPU
		{F9BD6F03-6128-4772-A64D-52A072E0C0EA}.Debug|Any CPU.ActiveCfg = Debug|Any CPU
		{F9BD6F03-6128-4772-A64D-52A072E0C0EA}.Debug|Any CPU.Build.0 = Debug|Any CPU
		{F9BD6F03-6128-4772-A64D-52A072E0C0EA}.Release|Any CPU.ActiveCfg = Release|Any CPU
		{F9BD6F03-6128-4772-A64D-52A072E0C0EA}.Release|Any CPU.Build.0 = Release|Any CPU
		{52039A81-AA1E-4B2F-9467-258E162FA8B0}.Debug|Any CPU.ActiveCfg = Debug|Any CPU
		{52039A81-AA1E-4B2F-9467-258E162FA8B0}.Debug|Any CPU.Build.0 = Debug|Any CPU
		{52039A81-AA1E-4B2F-9467-258E162FA8B0}.Release|Any CPU.ActiveCfg = Release|Any CPU
		{52039A81-AA1E-4B2F-9467-258E162FA8B0}.Release|Any CPU.Build.0 = Release|Any CPU
	EndGlobalSection
	GlobalSection(SolutionProperties) = preSolution
		HideSolutionNode = FALSE
	EndGlobalSection
	GlobalSection(ExtensibilityGlobals) = postSolution
		SolutionGuid = {57C5E787-AAEA-41CC-BD12-4A66023D0568}
	EndGlobalSection
EndGlobal
