
Microsoft Visual Studio Solution File, Format Version 12.00
# Visual Studio Version 16
VisualStudioVersion = 16.0.29123.88
MinimumVisualStudioVersion = 10.0.40219.1
Project("{FAE04EC0-301F-11D3-BF4B-00C04F79EFBC}") = "Account", "Account\Account.csproj", "{A78CD5DF-1FF9-4A14-A78F-7AED668C98A4}"
EndProject
Project("{FAE04EC0-301F-11D3-BF4B-00C04F79EFBC}") = "Exercise1", "Exercise1\Exercise1.csproj", "{8F1DFAFA-8397-4D57-A61B-EDAC364AF8EF}"
EndProject
Project("{FAE04EC0-301F-11D3-BF4B-00C04F79EFBC}") = "Exercise5", "Exercise5\Exercise5.csproj", "{EF81FD57-588E-4602-A1B5-BA0F388FFA70}"
EndProject
Project("{FAE04EC0-301F-11D3-BF4B-00C04F79EFBC}") = "Account.Test", "Account.Test\Account.Test.csproj", "{CCE82929-32E7-44E3-BA8D-36AA64FB406E}"
EndProject
Project("{FAE04EC0-301F-11D3-BF4B-00C04F79EFBC}") = "Exercise1.Test", "Exercise1.Test\Exercise1.Test.csproj", "{6EA018F9-6687-4C51-BBE2-557DDFA9833C}"
EndProject
Project("{FAE04EC0-301F-11D3-BF4B-00C04F79EFBC}") = "Exercise5.Test", "Exercise5.Test\Exercise5.Test.csproj", "{5B7DAEDA-0B9F-403E-8F61-9EA5AE19B517}"
EndProject
Global
	GlobalSection(SolutionConfigurationPlatforms) = preSolution
		Debug|Any CPU = Debug|Any CPU
		Release|Any CPU = Release|Any CPU
	EndGlobalSection
	GlobalSection(ProjectConfigurationPlatforms) = postSolution
		{A78CD5DF-1FF9-4A14-A78F-7AED668C98A4}.Debug|Any CPU.ActiveCfg = Debug|Any CPU
		{A78CD5DF-1FF9-4A14-A78F-7AED668C98A4}.Debug|Any CPU.Build.0 = Debug|Any CPU
		{A78CD5DF-1FF9-4A14-A78F-7AED668C98A4}.Release|Any CPU.ActiveCfg = Release|Any CPU
		{A78CD5DF-1FF9-4A14-A78F-7AED668C98A4}.Release|Any CPU.Build.0 = Release|Any CPU
		{8F1DFAFA-8397-4D57-A61B-EDAC364AF8EF}.Debug|Any CPU.ActiveCfg = Debug|Any CPU
		{8F1DFAFA-8397-4D57-A61B-EDAC364AF8EF}.Debug|Any CPU.Build.0 = Debug|Any CPU
		{8F1DFAFA-8397-4D57-A61B-EDAC364AF8EF}.Release|Any CPU.ActiveCfg = Release|Any CPU
		{8F1DFAFA-8397-4D57-A61B-EDAC364AF8EF}.Release|Any CPU.Build.0 = Release|Any CPU
		{EF81FD57-588E-4602-A1B5-BA0F388FFA70}.Debug|Any CPU.ActiveCfg = Debug|Any CPU
		{EF81FD57-588E-4602-A1B5-BA0F388FFA70}.Debug|Any CPU.Build.0 = Debug|Any CPU
		{EF81FD57-588E-4602-A1B5-BA0F388FFA70}.Release|Any CPU.ActiveCfg = Release|Any CPU
		{EF81FD57-588E-4602-A1B5-BA0F388FFA70}.Release|Any CPU.Build.0 = Release|Any CPU
		{CCE82929-32E7-44E3-BA8D-36AA64FB406E}.Debug|Any CPU.ActiveCfg = Debug|Any CPU
		{CCE82929-32E7-44E3-BA8D-36AA64FB406E}.Debug|Any CPU.Build.0 = Debug|Any CPU
		{CCE82929-32E7-44E3-BA8D-36AA64FB406E}.Release|Any CPU.ActiveCfg = Release|Any CPU
		{CCE82929-32E7-44E3-BA8D-36AA64FB406E}.Release|Any CPU.Build.0 = Release|Any CPU
		{6EA018F9-6687-4C51-BBE2-557DDFA9833C}.Debug|Any CPU.ActiveCfg = Debug|Any CPU
		{6EA018F9-6687-4C51-BBE2-557DDFA9833C}.Debug|Any CPU.Build.0 = Debug|Any CPU
		{6EA018F9-6687-4C51-BBE2-557DDFA9833C}.Release|Any CPU.ActiveCfg = Release|Any CPU
		{6EA018F9-6687-4C51-BBE2-557DDFA9833C}.Release|Any CPU.Build.0 = Release|Any CPU
		{5B7DAEDA-0B9F-403E-8F61-9EA5AE19B517}.Debug|Any CPU.ActiveCfg = Debug|Any CPU
		{5B7DAEDA-0B9F-403E-8F61-9EA5AE19B517}.Debug|Any CPU.Build.0 = Debug|Any CPU
		{5B7DAEDA-0B9F-403E-8F61-9EA5AE19B517}.Release|Any CPU.ActiveCfg = Release|Any CPU
		{5B7DAEDA-0B9F-403E-8F61-9EA5AE19B517}.Release|Any CPU.Build.0 = Release|Any CPU
	EndGlobalSection
	GlobalSection(SolutionProperties) = preSolution
		HideSolutionNode = FALSE
	EndGlobalSection
	GlobalSection(ExtensibilityGlobals) = postSolution
		SolutionGuid = {57C5E787-AAEA-41CC-BD12-4A66023D0568}
	EndGlobalSection
EndGlobal
