
Microsoft Visual Studio Solution File, Format Version 12.00
# Visual Studio Version 16
VisualStudioVersion = 16.0.31205.134
MinimumVisualStudioVersion = 10.0.40219.1
Project("{9A19103F-16F7-4668-BE54-9A1E7A4F7556}") = "AdApp", "AdApp\AdApp.csproj", "{0963E5AA-621C-41C2-ABB4-D753246B1C86}"
EndProject
Project("{9A19103F-16F7-4668-BE54-9A1E7A4F7556}") = "DragRace", "DragRace\DragRace.csproj", "{3D3BAD1D-C201-45CE-A559-5EA69E84A5B3}"
EndProject
Project("{9A19103F-16F7-4668-BE54-9A1E7A4F7556}") = "Firm", "Firm\Firm.csproj", "{AACDF81D-3CDE-47E6-99E2-0BBB9110EBCC}"
EndProject
Project("{9A19103F-16F7-4668-BE54-9A1E7A4F7556}") = "Hierarchy", "Hierarchy\Hierarchy.csproj", "{8836810C-0785-4ECE-B972-1B8FFAFDA43F}"
EndProject
Project("{9A19103F-16F7-4668-BE54-9A1E7A4F7556}") = "MakeSounds", "MakeSounds\MakeSounds.csproj", "{4D2CC80C-6AFA-4A95-8F7B-023870727FB3}"
EndProject
Project("{9A19103F-16F7-4668-BE54-9A1E7A4F7556}") = "Persons", "Persons\Persons.csproj", "{E5CEFA51-DE9C-48FF-BCD1-30B7B8C992A6}"
EndProject
Global
	GlobalSection(SolutionConfigurationPlatforms) = preSolution
		Debug|Any CPU = Debug|Any CPU
		Release|Any CPU = Release|Any CPU
	EndGlobalSection
	GlobalSection(ProjectConfigurationPlatforms) = postSolution
		{0963E5AA-621C-41C2-ABB4-D753246B1C86}.Debug|Any CPU.ActiveCfg = Debug|Any CPU
		{0963E5AA-621C-41C2-ABB4-D753246B1C86}.Debug|Any CPU.Build.0 = Debug|Any CPU
		{0963E5AA-621C-41C2-ABB4-D753246B1C86}.Release|Any CPU.ActiveCfg = Release|Any CPU
		{0963E5AA-621C-41C2-ABB4-D753246B1C86}.Release|Any CPU.Build.0 = Release|Any CPU
		{3D3BAD1D-C201-45CE-A559-5EA69E84A5B3}.Debug|Any CPU.ActiveCfg = Debug|Any CPU
		{3D3BAD1D-C201-45CE-A559-5EA69E84A5B3}.Debug|Any CPU.Build.0 = Debug|Any CPU
		{3D3BAD1D-C201-45CE-A559-5EA69E84A5B3}.Release|Any CPU.ActiveCfg = Release|Any CPU
		{3D3BAD1D-C201-45CE-A559-5EA69E84A5B3}.Release|Any CPU.Build.0 = Release|Any CPU
		{AACDF81D-3CDE-47E6-99E2-0BBB9110EBCC}.Debug|Any CPU.ActiveCfg = Debug|Any CPU
		{AACDF81D-3CDE-47E6-99E2-0BBB9110EBCC}.Debug|Any CPU.Build.0 = Debug|Any CPU
		{AACDF81D-3CDE-47E6-99E2-0BBB9110EBCC}.Release|Any CPU.ActiveCfg = Release|Any CPU
		{AACDF81D-3CDE-47E6-99E2-0BBB9110EBCC}.Release|Any CPU.Build.0 = Release|Any CPU
		{8836810C-0785-4ECE-B972-1B8FFAFDA43F}.Debug|Any CPU.ActiveCfg = Debug|Any CPU
		{8836810C-0785-4ECE-B972-1B8FFAFDA43F}.Debug|Any CPU.Build.0 = Debug|Any CPU
		{8836810C-0785-4ECE-B972-1B8FFAFDA43F}.Release|Any CPU.ActiveCfg = Release|Any CPU
		{8836810C-0785-4ECE-B972-1B8FFAFDA43F}.Release|Any CPU.Build.0 = Release|Any CPU
		{4D2CC80C-6AFA-4A95-8F7B-023870727FB3}.Debug|Any CPU.ActiveCfg = Debug|Any CPU
		{4D2CC80C-6AFA-4A95-8F7B-023870727FB3}.Debug|Any CPU.Build.0 = Debug|Any CPU
		{4D2CC80C-6AFA-4A95-8F7B-023870727FB3}.Release|Any CPU.ActiveCfg = Release|Any CPU
		{4D2CC80C-6AFA-4A95-8F7B-023870727FB3}.Release|Any CPU.Build.0 = Release|Any CPU
		{E5CEFA51-DE9C-48FF-BCD1-30B7B8C992A6}.Debug|Any CPU.ActiveCfg = Debug|Any CPU
		{E5CEFA51-DE9C-48FF-BCD1-30B7B8C992A6}.Debug|Any CPU.Build.0 = Debug|Any CPU
		{E5CEFA51-DE9C-48FF-BCD1-30B7B8C992A6}.Release|Any CPU.ActiveCfg = Release|Any CPU
		{E5CEFA51-DE9C-48FF-BCD1-30B7B8C992A6}.Release|Any CPU.Build.0 = Release|Any CPU
	EndGlobalSection
	GlobalSection(SolutionProperties) = preSolution
		HideSolutionNode = FALSE
	EndGlobalSection
	GlobalSection(ExtensibilityGlobals) = postSolution
		SolutionGuid = {9C0967AA-46E6-4900-A03E-DAD7DF9AF920}
	EndGlobalSection
EndGlobal
